PODS:
  - CocoaLumberjack (2.2.0):
    - CocoaLumberjack/Default (= 2.2.0)
    - CocoaLumberjack/Extensions (= 2.2.0)
  - CocoaLumberjack/Core (2.2.0)
  - CocoaLumberjack/Default (2.2.0):
    - CocoaLumberjack/Core
  - CocoaLumberjack/Extensions (2.2.0):
    - CocoaLumberjack/Default
  - MBProgressHUD (0.9.2)
  - SpotzCNCCustomerSDK (1.2.8)
  - SpotzPushSDK (1.0.15)
  - SpotzSDK (3.1.0.7):
    - CocoaLumberjack
    - YapDatabase
  - YapDatabase (2.8.3):
    - YapDatabase/Standard (= 2.8.3)
  - YapDatabase/Standard (2.8.3):
    - YapDatabase/Standard/Core (= 2.8.3)
    - YapDatabase/Standard/Extensions (= 2.8.3)
  - YapDatabase/Standard/Core (2.8.3):
    - CocoaLumberjack (~> 2)
  - YapDatabase/Standard/Extensions (2.8.3):
    - YapDatabase/Standard/Core
    - YapDatabase/Standard/Extensions/CloudKit (= 2.8.3)
    - YapDatabase/Standard/Extensions/ConnectionProxy (= 2.8.3)
    - YapDatabase/Standard/Extensions/FilteredViews (= 2.8.3)
    - YapDatabase/Standard/Extensions/FullTextSearch (= 2.8.3)
    - YapDatabase/Standard/Extensions/Hooks (= 2.8.3)
    - YapDatabase/Standard/Extensions/Relationships (= 2.8.3)
    - YapDatabase/Standard/Extensions/RTreeIndex (= 2.8.3)
    - YapDatabase/Standard/Extensions/SearchResults (= 2.8.3)
    - YapDatabase/Standard/Extensions/SecondaryIndex (= 2.8.3)
    - YapDatabase/Standard/Extensions/SecondaryIndex (= 2.8.3)
    - YapDatabase/Standard/Extensions/Views (= 2.8.3)
  - YapDatabase/Standard/Extensions/CloudKit (2.8.3):
    - YapDatabase/Standard/Core
  - YapDatabase/Standard/Extensions/ConnectionProxy (2.8.3):
    - YapDatabase/Standard/Core
  - YapDatabase/Standard/Extensions/FilteredViews (2.8.3):
    - YapDatabase/Standard/Core
    - YapDatabase/Standard/Extensions/Views
  - YapDatabase/Standard/Extensions/FullTextSearch (2.8.3):
    - YapDatabase/Standard/Core
  - YapDatabase/Standard/Extensions/Hooks (2.8.3):
    - YapDatabase/Standard/Core
  - YapDatabase/Standard/Extensions/Relationships (2.8.3):
    - YapDatabase/Standard/Core
  - YapDatabase/Standard/Extensions/RTreeIndex (2.8.3):
    - YapDatabase/Standard/Core
  - YapDatabase/Standard/Extensions/SearchResults (2.8.3):
    - YapDatabase/Standard/Core
    - YapDatabase/Standard/Extensions/FullTextSearch
    - YapDatabase/Standard/Extensions/Views
  - YapDatabase/Standard/Extensions/SecondaryIndex (2.8.3):
    - YapDatabase/Standard/Core
  - YapDatabase/Standard/Extensions/Views (2.8.3):
    - YapDatabase/Standard/Core

DEPENDENCIES:
  - MBProgressHUD
  - SpotzCNCCustomerSDK (from `../../../spotz-cnc-client-sdk-ios-CUSTOMER`)
  - SpotzPushSDK (from `https://github.com/localz/Spotz-Push-iOS-SDK`)
  - SpotzSDK (from `https://github.com/localz/Spotz3-iOS-SDK`)

EXTERNAL SOURCES:
  SpotzCNCCustomerSDK:
    :path: ../../../spotz-cnc-client-sdk-ios-CUSTOMER
  SpotzPushSDK:
    :git: https://github.com/localz/Spotz-Push-iOS-SDK
  SpotzSDK:
    :git: https://github.com/localz/Spotz3-iOS-SDK

CHECKOUT OPTIONS:
  SpotzPushSDK:
    :commit: baaf74b1f85170c5aaa6b22fdc0c7732d2db0e43
    :git: https://github.com/localz/Spotz-Push-iOS-SDK
  SpotzSDK:
    :commit: d607344145e36f7b365f4b72cb66b20876439fc0
    :git: https://github.com/localz/Spotz3-iOS-SDK

SPEC CHECKSUMS:
  CocoaLumberjack: 17fe8581f84914d5d7e6360f7c70022b173c3ae0
  MBProgressHUD: 1569cf7ace17a8bac47aabfbb8580a49690386d1
  SpotzCNCCustomerSDK: b0e888a63736a8df1a34f0f80386cedf28f74aff
  SpotzPushSDK: 37d1894e3c11765df173522a2366913a952875c1
  SpotzSDK: 9c4163604a0057097debd0e8e8bb835db348ba64
  YapDatabase: 15b6867a07ff30eac3af28794cd2262b4d0ca4ca

PODFILE CHECKSUM: bd538c362d64f1eb5f17df59755a437ba6a8c4e5

COCOAPODS: 1.0.0.beta.5
